{
  "version": 4,
  "terraform_version": "1.15.4",
  "serial": 1,
  "lineage": "c2457ac7-2e9d-2f22-e5ab-14ca7e909c65",
  "outputs": {},
  "resources": [
    {
      "mode": "managed",
      "type": "local_file",
      "name": "example",
      "provider": "provider[\"registry.terraform.io/hashicorp/local\"]",
      "instances": [
        {
          "schema_version": 0,
          "attributes": {
            "content": "Terraform berhasil dijalankan",
            "content_base64": null,
            "content_base64sha256": "javxCJ6XGAcaaxRMwNXnhzxOTeAObx7r3sqwPxlZJTI=",
            "content_base64sha512": "GI/xdqmC9utLxnzaXgg1zA+E70nwKvSmmiCrntCTUFlkGBg5h5MJFrAdkbCIb4yen8Lgg4mTYCbW6NZL9fPk9Q==",
            "content_md5": "df49496d9e7ecc7c643ae7a831b3feb1",
            "content_sha1": "a78c7fb505ab9afa5b5f02e74d14713396d13573",
            "content_sha256": "8dabf1089e9718071a6b144cc0d5e7873c4e4de00e6f1eebdecab03f19592532",
            "content_sha512": "188ff176a982f6eb4bc67cda5e0835cc0f84ef49f02af4a69a20ab9ed09350596418183987930916b01d91b0886f8c9e9fc2e08389936026d6e8d64bf5f3e4f5",
            "directory_permission": "0777",
            "file_permission": "0777",
            "filename": "devops.txt",
            "id": "a78c7fb505ab9afa5b5f02e74d14713396d13573",
            "sensitive_content": null,
            "source": null
          },
          "sensitive_attributes": [
            [
              {
                "type": "get_attr",
                "value": "sensitive_content"
              }
            ]
          ],
          "identity_schema_version": 0
        }
      ]
    }
  ],
  "check_results": null
}
